{
    "hash": "023f13bf6dfd0f40699e61921f23f10b",
    "packages": [
        {
            "package": "doctrine/common",
            "version": "2.2.2"
        },
        {
            "package": "doctrine/dbal",
            "version": "2.2.2"
        },
        {
            "package": "doctrine/doctrine-bundle",
            "version": "dev-master",
            "source-reference": "9c8cdd383be8d8a9fd8113289cd36e3453c81e1c"
        },
        {
            "package": "doctrine/orm",
            "version": "2.2.x-dev",
            "source-reference": "202e675d2bf25ce980acc2db69bb971beb8936b9"
        },
        {
            "package": "jms/aop-bundle",
            "version": "1.0.0"
        },
        {
            "package": "jms/cg",
            "version": "1.0.0"
        },
        {
            "package": "jms/di-extra-bundle",
            "version": "1.0.1"
        },
        {
            "package": "jms/metadata",
            "version": "1.1.1"
        },
        {
            "package": "jms/security-extra-bundle",
            "version": "1.1.0"
        },
        {
            "package": "kriswallsmith/assetic",
            "version": "dev-master",
            "source-reference": "fe711de6512870a2b6b584eb6483460d2a65ba95"
        },
        {
            "package": "monolog/monolog",
            "version": "1.1.0"
        },
        {
            "package": "mqm/DoctrineExtensions",
            "version": "dev-master",
            "source-reference": "05d52f00863020487380c0ed423e9e7907a6dad1"
        },
        {
            "package": "sensio/distribution-bundle",
            "version": "dev-master",
            "source-reference": "77b7e8fabfb47ab81014759e59dd82f56f6c62f9"
        },
        {
            "package": "sensio/framework-extra-bundle",
            "version": "dev-master",
            "source-reference": "ab3130462a01437f4f748a778100e010c6d91ed3"
        },
        {
            "package": "sensio/generator-bundle",
            "version": "dev-master",
            "source-reference": "d570af6edd06f546f4f301300396c543aedc7f26"
        },
        {
            "package": "swiftmailer/swiftmailer",
            "version": "dev-master",
            "source-reference": "57789082d1d53529dcf8cd3ca132d9787a59afee",
            "alias": "4.1.9999999.9999999-dev"
        },
        {
            "package": "symfony/assetic-bundle",
            "version": "dev-master",
            "source-reference": "d370e914e86518e88aa00ab266796ee032b8262e"
        },
        {
            "package": "symfony/monolog-bundle",
            "version": "dev-master",
            "source-reference": "4420d3a740ed35a0de1feab771bb6f7386cf2e33"
        },
        {
            "package": "symfony/swiftmailer-bridge",
            "version": "dev-master",
            "source-reference": "463536de4b149e1560bd764582cbf50dc9936ebd"
        },
        {
            "package": "symfony/swiftmailer-bundle",
            "version": "dev-master",
            "source-reference": "1c6b57fe57210e9dcb5b4586d6572f47d17a25d7"
        },
        {
            "package": "symfony/symfony",
            "version": "dev-master",
            "source-reference": "fe6b26c5d08919d23cef4550072186acacbed999",
            "alias": "2.1.9999999.9999999-dev"
        },
        {
            "package": "twig/extensions",
            "version": "dev-master",
            "source-reference": "446d870272cd87a720e95242eade38a2acf56eaa"
        },
        {
            "package": "twig/twig",
            "version": "dev-master",
            "source-reference": "db32d5ef431c868aaeabbb3d7d7cfe319fe4d562",
            "alias": "1.8.9999999.9999999-dev"
        }
    ],
    "packages-dev": null,
    "aliases": [

    ]
}
